
Microsoft Visual Studio Solution File, Format Version 12.00
# Visual Studio 14
VisualStudioVersion = 14.0.25420.1
MinimumVisualStudioVersion = 10.0.40219.1
Project("{FAE04EC0-301F-11D3-BF4B-00C04F79EFBC}") = "Akka.Signal", "core\Akka.Signal\Akka.Signal.csproj", "{9CD643D6-90CF-48AB-992D-97AF3EB44067}"
EndProject
Project("{2150E333-8FDC-42A3-9474-1A3956D46DE8}") = "core", "core", "{D406CD2A-A335-4463-A7E1-4D75C06E457E}"
EndProject
Project("{2150E333-8FDC-42A3-9474-1A3956D46DE8}") = "examples", "examples", "{C7DDCA87-6395-4613-88FC-1E93CF9B4128}"
EndProject
Project("{2150E333-8FDC-42A3-9474-1A3956D46DE8}") = "Hello World", "Hello World", "{0EEE31EB-9469-47A6-BAB8-2558D99FFE59}"
EndProject
Project("{FAE04EC0-301F-11D3-BF4B-00C04F79EFBC}") = "Server", "examples\Hello World\Server\Server.csproj", "{6CAD1BAD-8223-4E44-B97B-E311F834B2A4}"
EndProject
Project("{FAE04EC0-301F-11D3-BF4B-00C04F79EFBC}") = "Client", "examples\Hello World\Client\Client.csproj", "{06C62E16-84B3-4A75-8A7E-4AFC281E7674}"
EndProject
Global
	GlobalSection(SolutionConfigurationPlatforms) = preSolution
		Debug|Any CPU = Debug|Any CPU
		Release|Any CPU = Release|Any CPU
	EndGlobalSection
	GlobalSection(ProjectConfigurationPlatforms) = postSolution
		{9CD643D6-90CF-48AB-992D-97AF3EB44067}.Debug|Any CPU.ActiveCfg = Debug|Any CPU
		{9CD643D6-90CF-48AB-992D-97AF3EB44067}.Debug|Any CPU.Build.0 = Debug|Any CPU
		{9CD643D6-90CF-48AB-992D-97AF3EB44067}.Release|Any CPU.ActiveCfg = Release|Any CPU
		{9CD643D6-90CF-48AB-992D-97AF3EB44067}.Release|Any CPU.Build.0 = Release|Any CPU
		{6CAD1BAD-8223-4E44-B97B-E311F834B2A4}.Debug|Any CPU.ActiveCfg = Debug|Any CPU
		{6CAD1BAD-8223-4E44-B97B-E311F834B2A4}.Debug|Any CPU.Build.0 = Debug|Any CPU
		{6CAD1BAD-8223-4E44-B97B-E311F834B2A4}.Release|Any CPU.ActiveCfg = Release|Any CPU
		{6CAD1BAD-8223-4E44-B97B-E311F834B2A4}.Release|Any CPU.Build.0 = Release|Any CPU
		{06C62E16-84B3-4A75-8A7E-4AFC281E7674}.Debug|Any CPU.ActiveCfg = Debug|Any CPU
		{06C62E16-84B3-4A75-8A7E-4AFC281E7674}.Debug|Any CPU.Build.0 = Debug|Any CPU
		{06C62E16-84B3-4A75-8A7E-4AFC281E7674}.Release|Any CPU.ActiveCfg = Release|Any CPU
		{06C62E16-84B3-4A75-8A7E-4AFC281E7674}.Release|Any CPU.Build.0 = Release|Any CPU
	EndGlobalSection
	GlobalSection(SolutionProperties) = preSolution
		HideSolutionNode = FALSE
	EndGlobalSection
	GlobalSection(NestedProjects) = preSolution
		{9CD643D6-90CF-48AB-992D-97AF3EB44067} = {D406CD2A-A335-4463-A7E1-4D75C06E457E}
		{0EEE31EB-9469-47A6-BAB8-2558D99FFE59} = {C7DDCA87-6395-4613-88FC-1E93CF9B4128}
		{6CAD1BAD-8223-4E44-B97B-E311F834B2A4} = {0EEE31EB-9469-47A6-BAB8-2558D99FFE59}
		{06C62E16-84B3-4A75-8A7E-4AFC281E7674} = {0EEE31EB-9469-47A6-BAB8-2558D99FFE59}
	EndGlobalSection
EndGlobal
